
Microsoft Visual Studio Solution File, Format Version 12.00
# Visual Studio 15
VisualStudioVersion = 15.0.28307.329
MinimumVisualStudioVersion = 10.0.40219.1
Project("{FAE04EC0-301F-11D3-BF4B-00C04F79EFBC}") = "DSTEd", "DSTEd\DSTEd.csproj", "{ECC45953-8D34-44D0-9DB6-BD91DE26BD06}"
EndProject
Global
	GlobalSection(SolutionConfigurationPlatforms) = preSolution
		Debug|Any CPU = Debug|Any CPU
		Release|Any CPU = Release|Any CPU
	EndGlobalSection
	GlobalSection(ProjectConfigurationPlatforms) = postSolution
		{ECC45953-8D34-44D0-9DB6-BD91DE26BD06}.Debug|Any CPU.ActiveCfg = Debug|Any CPU
		{ECC45953-8D34-44D0-9DB6-BD91DE26BD06}.Debug|Any CPU.Build.0 = Debug|Any CPU
		{ECC45953-8D34-44D0-9DB6-BD91DE26BD06}.Release|Any CPU.ActiveCfg = Release|Any CPU
		{ECC45953-8D34-44D0-9DB6-BD91DE26BD06}.Release|Any CPU.Build.0 = Release|Any CPU
	EndGlobalSection
	GlobalSection(SolutionProperties) = preSolution
		HideSolutionNode = FALSE
	EndGlobalSection
	GlobalSection(ExtensibilityGlobals) = postSolution
		SolutionGuid = {62396ECE-98ED-4436-AA56-E6BDE514C9BB}
	EndGlobalSection
EndGlobal
